
Microsoft Visual Studio Solution File, Format Version 12.00
# Visual Studio Version 17
VisualStudioVersion = 17.12.35707.178 d17.12
MinimumVisualStudioVersion = 10.0.40219.1
Project("{FAE04EC0-301F-11D3-BF4B-00C04F79EFBC}") = "LibraryManager.API", "LibraryManager.API\LibraryManager.API.csproj", "{B931F58D-0570-4AB8-9E86-46BE630B0356}"
EndProject
Project("{FAE04EC0-301F-11D3-BF4B-00C04F79EFBC}") = "LibraryManager.Client", "LibraryManager.Client\LibraryManager.Client.csproj", "{39702D13-122B-4FE7-9F6E-1F1ABAC25AFF}"
EndProject
Global
	GlobalSection(SolutionConfigurationPlatforms) = preSolution
		Debug|Any CPU = Debug|Any CPU
		Release|Any CPU = Release|Any CPU
	EndGlobalSection
	GlobalSection(ProjectConfigurationPlatforms) = postSolution
		{B931F58D-0570-4AB8-9E86-46BE630B0356}.Debug|Any CPU.ActiveCfg = Debug|Any CPU
		{B931F58D-0570-4AB8-9E86-46BE630B0356}.Debug|Any CPU.Build.0 = Debug|Any CPU
		{B931F58D-0570-4AB8-9E86-46BE630B0356}.Release|Any CPU.ActiveCfg = Release|Any CPU
		{B931F58D-0570-4AB8-9E86-46BE630B0356}.Release|Any CPU.Build.0 = Release|Any CPU
		{39702D13-122B-4FE7-9F6E-1F1ABAC25AFF}.Debug|Any CPU.ActiveCfg = Debug|Any CPU
		{39702D13-122B-4FE7-9F6E-1F1ABAC25AFF}.Debug|Any CPU.Build.0 = Debug|Any CPU
		{39702D13-122B-4FE7-9F6E-1F1ABAC25AFF}.Release|Any CPU.ActiveCfg = Release|Any CPU
		{39702D13-122B-4FE7-9F6E-1F1ABAC25AFF}.Release|Any CPU.Build.0 = Release|Any CPU
	EndGlobalSection
	GlobalSection(SolutionProperties) = preSolution
		HideSolutionNode = FALSE
	EndGlobalSection
EndGlobal
